
Microsoft Visual Studio Solution File, Format Version 12.00
# Visual Studio 15
VisualStudioVersion = 15.0.27130.2020
MinimumVisualStudioVersion = 10.0.40219.1
Project("{FAE04EC0-301F-11D3-BF4B-00C04F79EFBC}") = "QuanLiSachTruyen", "QuanLiSachTruyen\QuanLiSachTruyen.csproj", "{1D6AB716-0DC1-41C4-99B3-83D9C1F31B8B}"
EndProject
Global
	GlobalSection(SolutionConfigurationPlatforms) = preSolution
		Debug|Any CPU = Debug|Any CPU
		Release|Any CPU = Release|Any CPU
	EndGlobalSection
	GlobalSection(ProjectConfigurationPlatforms) = postSolution
		{1D6AB716-0DC1-41C4-99B3-83D9C1F31B8B}.Debug|Any CPU.ActiveCfg = Debug|Any CPU
		{1D6AB716-0DC1-41C4-99B3-83D9C1F31B8B}.Debug|Any CPU.Build.0 = Debug|Any CPU
		{1D6AB716-0DC1-41C4-99B3-83D9C1F31B8B}.Release|Any CPU.ActiveCfg = Release|Any CPU
		{1D6AB716-0DC1-41C4-99B3-83D9C1F31B8B}.Release|Any CPU.Build.0 = Release|Any CPU
	EndGlobalSection
	GlobalSection(SolutionProperties) = preSolution
		HideSolutionNode = FALSE
	EndGlobalSection
	GlobalSection(ExtensibilityGlobals) = postSolution
		SolutionGuid = {C42457DE-927E-4D9B-BE88-37D3EFF767B0}
	EndGlobalSection
EndGlobal
